
Microsoft Visual Studio Solution File, Format Version 12.00
# Visual Studio Version 16
VisualStudioVersion = 25.0.1700.4
MinimumVisualStudioVersion = 10.0.40219.1
Project("{FAE04EC0-301F-11D3-BF4B-00C04F79EFBC}") = "api", "api\api.csproj", "{49ED1F03-8107-400D-A21B-E326407662EB}"
EndProject
Global
	GlobalSection(SolutionConfigurationPlatforms) = preSolution
		Debug|Any CPU = Debug|Any CPU
		Release|Any CPU = Release|Any CPU
	EndGlobalSection
	GlobalSection(ProjectConfigurationPlatforms) = postSolution
		{49ED1F03-8107-400D-A21B-E326407662EB}.Debug|Any CPU.ActiveCfg = Debug|Any CPU
		{49ED1F03-8107-400D-A21B-E326407662EB}.Debug|Any CPU.Build.0 = Debug|Any CPU
		{49ED1F03-8107-400D-A21B-E326407662EB}.Release|Any CPU.ActiveCfg = Release|Any CPU
		{49ED1F03-8107-400D-A21B-E326407662EB}.Release|Any CPU.Build.0 = Release|Any CPU
	EndGlobalSection
	GlobalSection(SolutionProperties) = preSolution
		HideSolutionNode = FALSE
	EndGlobalSection
	GlobalSection(ExtensibilityGlobals) = postSolution
		SolutionGuid = {40119379-1AE0-45EF-A8AD-42DB61249527}
	EndGlobalSection
EndGlobal
